PODS:
  - GPUImage (0.1.7)
  - MotionJpegController (1.0)

DEPENDENCIES:
  - GPUImage (from `../../GPUImage`)
  - MotionJpegController (from `../`)

EXTERNAL SOURCES:
  GPUImage:
    :path: "../../GPUImage"
  MotionJpegController:
    :path: "../"

SPEC CHECKSUMS:
  GPUImage: 00695405fe608c03fc02b3deb46847767bc68b7b
  MotionJpegController: 6e7fc10bdc79c889c35610fbb5299a825e70c5e7

PODFILE CHECKSUM: 57b354599dad228b9d31824ed57eaf0707cf68be

COCOAPODS: 1.5.3
