PODS:
  - GPUImage (0.1.7)
  - MotionJpegController (1.0)

DEPENDENCIES:
  - GPUImage (from `../GPUImage`)
  - MotionJpegController (from `./`)

EXTERNAL SOURCES:
  GPUImage:
    :path: "../GPUImage"
  MotionJpegController:
    :path: "./"

SPEC CHECKSUMS:
  GPUImage: 00695405fe608c03fc02b3deb46847767bc68b7b
  MotionJpegController: 2d7fd74a891e983939657ef192c8e078bd893803

PODFILE CHECKSUM: 3de37c872560c14adbb8ee786778268b7e0a0bdf

COCOAPODS: 1.5.3
